PODS:
  - custom_keyboard_action (0.0.4):
    - Flutter
    - Protobuf (~> 3.5)
    - SwiftProtobuf (~> 1.0)
  - Flutter (1.0.0)
  - integration_test (0.0.1):
    - Flutter
  - Protobuf (3.23.1)
  - SwiftProtobuf (1.21.0)

DEPENDENCIES:
  - custom_keyboard_action (from `.symlinks/plugins/custom_keyboard_action/ios`)
  - Flutter (from `Flutter`)
  - integration_test (from `.symlinks/plugins/integration_test/ios`)

SPEC REPOS:
  trunk:
    - Protobuf
    - SwiftProtobuf

EXTERNAL SOURCES:
  custom_keyboard_action:
    :path: ".symlinks/plugins/custom_keyboard_action/ios"
  Flutter:
    :path: Flutter
  integration_test:
    :path: ".symlinks/plugins/integration_test/ios"

SPEC CHECKSUMS:
  custom_keyboard_action: b35fc3e04737e5201f87aae31b67530c87d277a3
  Flutter: f04841e97a9d0b0a8025694d0796dd46242b2854
  integration_test: 13825b8a9334a850581300559b8839134b124670
  Protobuf: 3dd214698ddb7afd832da281c777b2e9facef401
  SwiftProtobuf: afced68785854575756db965e9da52bbf3dc45e7

PODFILE CHECKSUM: 70d9d25280d0dd177a5f637cdb0f0b0b12c6a189

COCOAPODS: 1.12.1
